version: 6
environments:
  default:
    channels:
    - url: https://conda.anaconda.org/conda-forge/
    packages:
      win-64:
      - conda: https://conda.anaconda.org/conda-forge/win-64/bzip2-1.0.8-h0ad9c76_9.conda
      - conda: https://conda.anaconda.org/conda-forge/noarch/ca-certificates-2026.2.25-h4c7d964_0.conda
      - conda: https://conda.anaconda.org/conda-forge/noarch/joblib-1.5.3-pyhd8ed1ab_0.conda
      - conda: https://conda.anaconda.org/conda-forge/win-64/libblas-3.11.0-5_hf2e6a31_mkl.conda
      - conda: https://conda.anaconda.org/conda-forge/win-64/libcblas-3.11.0-5_h2a3cdd5_mkl.conda
      - conda: https://conda.anaconda.org/conda-forge/win-64/libexpat-2.7.4-hac47afa_0.conda
      - conda: https://conda.anaconda.org/conda-forge/win-64/libffi-3.5.2-h3d046cb_0.conda
      - conda: https://conda.anaconda.org/conda-forge/win-64/libhwloc-2.12.2-default_h4379cf1_1000.conda
      - conda: https://conda.anaconda.org/conda-forge/win-64/libiconv-1.18-hc1393d2_2.conda
      - conda: https://conda.anaconda.org/conda-forge/win-64/liblapack-3.11.0-5_hf9ab0e9_mkl.conda
      - conda: https://conda.anaconda.org/conda-forge/win-64/liblzma-5.8.2-hfd05255_0.conda
      - conda: https://conda.anaconda.org/conda-forge/win-64/libmpdec-4.0.0-hfd05255_1.conda
      - conda: https://conda.anaconda.org/conda-forge/win-64/libsqlite-3.52.0-hf5d6505_0.conda
      - conda: https://conda.anaconda.org/conda-forge/win-64/libwinpthread-12.0.0.r4.gg4f2fc60ca-h57928b3_10.conda
      - conda: https://conda.anaconda.org/conda-forge/win-64/libxml2-16-2.15.2-h692994f_0.conda
      - conda: https://conda.anaconda.org/conda-forge/win-64/libxml2-2.15.2-h5d26750_0.conda
      - conda: https://conda.anaconda.org/conda-forge/win-64/libzlib-1.3.1-h2466b09_2.conda
      - conda: https://conda.anaconda.org/conda-forge/win-64/llvm-openmp-22.1.0-h4fa8253_0.conda
      - conda: https://conda.anaconda.org/conda-forge/win-64/mkl-2025.3.0-hac47afa_455.conda
      - conda: https://conda.anaconda.org/conda-forge/win-64/numpy-2.4.2-py313hce7ae62_1.conda
      - conda: https://conda.anaconda.org/conda-forge/win-64/openssl-3.5.5-hf411b9b_1.conda
      - conda: https://conda.anaconda.org/conda-forge/win-64/python-3.13.12-h09917c8_100_cp313.conda
      - conda: https://conda.anaconda.org/conda-forge/noarch/python_abi-3.13-8_cp313.conda
      - conda: https://conda.anaconda.org/conda-forge/win-64/scikit-learn-1.5.2-py313h4f67946_1.conda
      - conda: https://conda.anaconda.org/conda-forge/win-64/scipy-1.17.1-py313he51e9a2_0.conda
      - conda: https://conda.anaconda.org/conda-forge/noarch/setuptools-82.0.1-pyh332efcf_0.conda
      - conda: https://conda.anaconda.org/conda-forge/win-64/tbb-2022.3.0-h3155e25_2.conda
      - conda: https://conda.anaconda.org/conda-forge/noarch/threadpoolctl-3.6.0-pyhecae5ae_0.conda
      - conda: https://conda.anaconda.org/conda-forge/win-64/tk-8.6.13-h6ed50ae_3.conda
      - conda: https://conda.anaconda.org/conda-forge/noarch/tzdata-2025c-hc9c84f9_1.conda
      - conda: https://conda.anaconda.org/conda-forge/win-64/ucrt-10.0.26100.0-h57928b3_0.conda
      - conda: https://conda.anaconda.org/conda-forge/win-64/vc-14.3-h41ae7f8_34.conda
      - conda: https://conda.anaconda.org/conda-forge/win-64/vc14_runtime-14.44.35208-h818238b_34.conda
      - conda: https://conda.anaconda.org/conda-forge/win-64/vcomp14-14.44.35208-h818238b_34.conda
packages:
- conda: https://conda.anaconda.org/conda-forge/win-64/bzip2-1.0.8-h0ad9c76_9.conda
  sha256: 76dfb71df5e8d1c4eded2dbb5ba15bb8fb2e2b0fe42d94145d5eed4c75c35902
  md5: 4cb8e6b48f67de0b018719cdf1136306
  depends:
  - ucrt >=10.0.20348.0
  - vc >=14.3,<15
  - vc14_runtime >=14.44.35208
  arch: x86_64
  platform: win
  license: bzip2-1.0.6
  license_family: BSD
  size: 56115
  timestamp: 1771350256444
- conda: https://conda.anaconda.org/conda-forge/noarch/ca-certificates-2026.2.25-h4c7d964_0.conda
  sha256: 37950019c59b99585cee5d30dbc2cc9696ed4e11f5742606a4db1621ed8f94d6
  md5: f001e6e220355b7f87403a4d0e5bf1ca
  depends:
  - __win
  license: ISC
  size: 147734
  timestamp: 1772006322223
- conda: https://conda.anaconda.org/conda-forge/noarch/joblib-1.5.3-pyhd8ed1ab_0.conda
  sha256: 301539229d7be6420c084490b8145583291123f0ce6b92f56be5948a2c83a379
  md5: 615de2a4d97af50c350e5cf160149e77
  depends:
  - python >=3.10
  - setuptools
  license: BSD-3-Clause
  license_family: BSD
  size: 226448
  timestamp: 1765794135253
- conda: https://conda.anaconda.org/conda-forge/win-64/libblas-3.11.0-5_hf2e6a31_mkl.conda
  build_number: 5
  sha256: f0cb7b2697461a306341f7ff32d5b361bb84f3e94478464c1e27ee01fc8f276b
  md5: f9decf88743af85c9c9e05556a4c47c0
  depends:
  - mkl >=2025.3.0,<2026.0a0
  constrains:
  - liblapack  3.11.0   5*_mkl
  - libcblas   3.11.0   5*_mkl
  - blas 2.305   mkl
  - liblapacke 3.11.0   5*_mkl
  arch: x86_64
  platform: win
  license: BSD-3-Clause
  license_family: BSD
  size: 67438
  timestamp: 1765819100043
- conda: https://conda.anaconda.org/conda-forge/win-64/libcblas-3.11.0-5_h2a3cdd5_mkl.conda
  build_number: 5
  sha256: 49dc59d8e58360920314b8d276dd80da7866a1484a9abae4ee2760bc68f3e68d
  md5: b3fa8e8b55310ba8ef0060103afb02b5
  depends:
  - libblas 3.11.0 5_hf2e6a31_mkl
  constrains:
  - liblapack  3.11.0   5*_mkl
  - liblapacke 3.11.0   5*_mkl
  - blas 2.305   mkl
  arch: x86_64
  platform: win
  license: BSD-3-Clause
  license_family: BSD
  size: 68079
  timestamp: 1765819124349
- conda: https://conda.anaconda.org/conda-forge/win-64/libexpat-2.7.4-hac47afa_0.conda
  sha256: b31f6fb629c4e17885aaf2082fb30384156d16b48b264e454de4a06a313b533d
  md5: 1c1ced969021592407f16ada4573586d
  depends:
  - ucrt >=10.0.20348.0
  - vc >=14.3,<15
  - vc14_runtime >=14.44.35208
  constrains:
  - expat 2.7.4.*
  arch: x86_64
  platform: win
  license: MIT
  license_family: MIT
  size: 70323
  timestamp: 1771259521393
- conda: https://conda.anaconda.org/conda-forge/win-64/libffi-3.5.2-h3d046cb_0.conda
  sha256: 59d01f2dfa8b77491b5888a5ab88ff4e1574c9359f7e229da254cdfe27ddc190
  md5: 720b39f5ec0610457b725eb3f396219a
  depends:
  - ucrt >=10.0.20348.0
  - vc >=14.3,<15
  - vc14_runtime >=14.44.35208
  arch: x86_64
  platform: win
  license: MIT
  license_family: MIT
  size: 45831
  timestamp: 1769456418774
- conda: https://conda.anaconda.org/conda-forge/win-64/libhwloc-2.12.2-default_h4379cf1_1000.conda
  sha256: 8cdf11333a81085468d9aa536ebb155abd74adc293576f6013fc0c85a7a90da3
  md5: 3b576f6860f838f950c570f4433b086e
  depends:
  - libwinpthread >=12.0.0.r4.gg4f2fc60ca
  - libxml2
  - libxml2-16 >=2.14.6
  - ucrt >=10.0.20348.0
  - vc >=14.3,<15
  - vc14_runtime >=14.44.35208
  arch: x86_64
  platform: win
  license: BSD-3-Clause
  license_family: BSD
  size: 2411241
  timestamp: 1765104337762
- conda: https://conda.anaconda.org/conda-forge/win-64/libiconv-1.18-hc1393d2_2.conda
  sha256: 0dcdb1a5f01863ac4e8ba006a8b0dc1a02d2221ec3319b5915a1863254d7efa7
  md5: 64571d1dd6cdcfa25d0664a5950fdaa2
  depends:
  - ucrt >=10.0.20348.0
  - vc >=14.3,<15
  - vc14_runtime >=14.44.35208
  arch: x86_64
  platform: win
  license: LGPL-2.1-only
  size: 696926
  timestamp: 1754909290005
- conda: https://conda.anaconda.org/conda-forge/win-64/liblapack-3.11.0-5_hf9ab0e9_mkl.conda
  build_number: 5
  sha256: a2d33f5cc2b8a9042f2af6981c6733ab1a661463823eaa56595a9c58c0ab77e1
  md5: e62c42a4196dee97d20400612afcb2b1
  depends:
  - libblas 3.11.0 5_hf2e6a31_mkl
  constrains:
  - libcblas   3.11.0   5*_mkl
  - blas 2.305   mkl
  - liblapacke 3.11.0   5*_mkl
  arch: x86_64
  platform: win
  license: BSD-3-Clause
  license_family: BSD
  size: 80225
  timestamp: 1765819148014
- conda: https://conda.anaconda.org/conda-forge/win-64/liblzma-5.8.2-hfd05255_0.conda
  sha256: f25bf293f550c8ed2e0c7145eb404324611cfccff37660869d97abf526eb957c
  md5: ba0bfd4c3cf73f299ffe46ff0eaeb8e3
  depends:
  - ucrt >=10.0.20348.0
  - vc >=14.3,<15
  - vc14_runtime >=14.44.35208
  constrains:
  - xz 5.8.2.*
  arch: x86_64
  platform: win
  license: 0BSD
  size: 106169
  timestamp: 1768752763559
- conda: https://conda.anaconda.org/conda-forge/win-64/libmpdec-4.0.0-hfd05255_1.conda
  sha256: 40dcd0b9522a6e0af72a9db0ced619176e7cfdb114855c7a64f278e73f8a7514
  md5: e4a9fc2bba3b022dad998c78856afe47
  depends:
  - ucrt >=10.0.20348.0
  - vc >=14.3,<15
  - vc14_runtime >=14.44.35208
  arch: x86_64
  platform: win
  license: BSD-2-Clause
  license_family: BSD
  size: 89411
  timestamp: 1769482314283
- conda: https://conda.anaconda.org/conda-forge/win-64/libsqlite-3.52.0-hf5d6505_0.conda
  sha256: 5fccf1e4e4062f8b9a554abf4f9735a98e70f82e2865d0bfdb47b9de94887583
  md5: 8830689d537fda55f990620680934bb1
  depends:
  - ucrt >=10.0.20348.0
  - vc >=14.3,<15
  - vc14_runtime >=14.44.35208
  arch: x86_64
  platform: win
  license: blessing
  size: 1297302
  timestamp: 1772818899033
- conda: https://conda.anaconda.org/conda-forge/win-64/libwinpthread-12.0.0.r4.gg4f2fc60ca-h57928b3_10.conda
  sha256: 0fccf2d17026255b6e10ace1f191d0a2a18f2d65088fd02430be17c701f8ffe0
  md5: 8a86073cf3b343b87d03f41790d8b4e5
  depends:
  - ucrt
  constrains:
  - pthreads-win32 <0.0a0
  - msys2-conda-epoch <0.0a0
  arch: x86_64
  platform: win
  license: MIT AND BSD-3-Clause-Clear
  size: 36621
  timestamp: 1759768399557
- conda: https://conda.anaconda.org/conda-forge/win-64/libxml2-2.15.2-h5d26750_0.conda
  sha256: f905eb7046987c336122121759e7f09144729f6898f48cd06df2a945b86998d8
  md5: 1007e1bfe181a2aee214779ee7f13d30
  depends:
  - libiconv >=1.18,<2.0a0
  - liblzma >=5.8.2,<6.0a0
  - libxml2-16 2.15.2 h692994f_0
  - libzlib >=1.3.1,<2.0a0
  - ucrt >=10.0.20348.0
  - vc >=14.3,<15
  - vc14_runtime >=14.44.35208
  constrains:
  - icu <0.0a0
  arch: x86_64
  platform: win
  license: MIT
  license_family: MIT
  size: 43681
  timestamp: 1772704748950
- conda: https://conda.anaconda.org/conda-forge/win-64/libxml2-16-2.15.2-h692994f_0.conda
  sha256: b8c71b3b609c7cfe17f3f2a47c75394d7b30acfb8b34ad7a049ea8757b4d33df
  md5: e365238134188e42ed36ee996159d482
  depends:
  - libiconv >=1.18,<2.0a0
  - liblzma >=5.8.2,<6.0a0
  - libzlib >=1.3.1,<2.0a0
  - ucrt >=10.0.20348.0
  - vc >=14.3,<15
  - vc14_runtime >=14.44.35208
  constrains:
  - libxml2 2.15.2
  - icu <0.0a0
  arch: x86_64
  platform: win
  license: MIT
  license_family: MIT
  size: 520078
  timestamp: 1772704728534
- conda: https://conda.anaconda.org/conda-forge/win-64/libzlib-1.3.1-h2466b09_2.conda
  sha256: ba945c6493449bed0e6e29883c4943817f7c79cbff52b83360f7b341277c6402
  md5: 41fbfac52c601159df6c01f875de31b9
  depends:
  - ucrt >=10.0.20348.0
  - vc >=14.2,<15
  - vc14_runtime >=14.29.30139
  constrains:
  - zlib 1.3.1 *_2
  arch: x86_64
  platform: win
  license: Zlib
  license_family: Other
  size: 55476
  timestamp: 1727963768015
- conda: https://conda.anaconda.org/conda-forge/win-64/llvm-openmp-22.1.0-h4fa8253_0.conda
  sha256: bb55a3736380759d338f87aac68df4fd7d845ae090b94400525f5d21a55eea31
  md5: e5505e0b7d6ef5c19d5c0c1884a2f494
  depends:
  - ucrt >=10.0.20348.0
  - vc >=14.3,<15
  - vc14_runtime >=14.44.35208
  constrains:
  - openmp 22.1.0|22.1.0.*
  - intel-openmp <0.0a0
  arch: x86_64
  platform: win
  license: Apache-2.0 WITH LLVM-exception
  license_family: APACHE
  size: 347404
  timestamp: 1772025050288
- conda: https://conda.anaconda.org/conda-forge/win-64/mkl-2025.3.0-hac47afa_455.conda
  sha256: b2b4c84b95210760e4d12319416c60ab66e03674ccdcbd14aeb59f82ebb1318d
  md5: fd05d1e894497b012d05a804232254ed
  depends:
  - llvm-openmp >=21.1.8
  - tbb >=2022.3.0
  - ucrt >=10.0.20348.0
  - vc >=14.3,<15
  - vc14_runtime >=14.44.35208
  arch: x86_64
  platform: win
  license: LicenseRef-IntelSimplifiedSoftwareOct2022
  license_family: Proprietary
  size: 100224829
  timestamp: 1767634557029
- conda: https://conda.anaconda.org/conda-forge/win-64/numpy-2.4.2-py313hce7ae62_1.conda
  sha256: a926b0f781c44fdd10e11ec7e7a86ac588ec40b339ac2b4a8459def6d99b613b
  md5: 7db4fcf0a8a985d3f15270ddc7ac0aac
  depends:
  - python
  - vc >=14.3,<15
  - vc14_runtime >=14.44.35208
  - ucrt >=10.0.20348.0
  - liblapack >=3.9.0,<4.0a0
  - python_abi 3.13.* *_cp313
  - libblas >=3.9.0,<4.0a0
  - libcblas >=3.9.0,<4.0a0
  constrains:
  - numpy-base <0a0
  arch: x86_64
  platform: win
  license: BSD-3-Clause
  license_family: BSD
  size: 7251046
  timestamp: 1770098409520
- conda: https://conda.anaconda.org/conda-forge/win-64/openssl-3.5.5-hf411b9b_1.conda
  sha256: c195705e261d59adb9974498a3698ecc47cd86252b4bcd46ff01d44b5b2e44e4
  md5: d562abcc041f678edb65f13a5efcd527
  depends:
  - ca-certificates
  - ucrt >=10.0.20348.0
  - vc >=14.3,<15
  - vc14_runtime >=14.44.35208
  arch: x86_64
  platform: win
  license: Apache-2.0
  license_family: Apache
  size: 9246151
  timestamp: 1769561949743
- conda: https://conda.anaconda.org/conda-forge/win-64/python-3.13.12-h09917c8_100_cp313.conda
  build_number: 100
  sha256: da70aec20ff5a5ae18bbba9fdd1e18190b419605cafaafb3bdad8becf11ce94d
  md5: 4440c24966d0aa0c8f1e1d5006dac2d6
  depends:
  - bzip2 >=1.0.8,<2.0a0
  - libexpat >=2.7.3,<3.0a0
  - libffi >=3.5.2,<3.6.0a0
  - liblzma >=5.8.2,<6.0a0
  - libmpdec >=4.0.0,<5.0a0
  - libsqlite >=3.51.2,<4.0a0
  - libzlib >=1.3.1,<2.0a0
  - openssl >=3.5.5,<4.0a0
  - python_abi 3.13.* *_cp313
  - tk >=8.6.13,<8.7.0a0
  - tzdata
  - ucrt >=10.0.20348.0
  - vc >=14.3,<15
  - vc14_runtime >=14.44.35208
  arch: x86_64
  platform: win
  license: Python-2.0
  size: 16535316
  timestamp: 1770270322707
  python_site_packages_path: Lib/site-packages
- conda: https://conda.anaconda.org/conda-forge/noarch/python_abi-3.13-8_cp313.conda
  build_number: 8
  sha256: 210bffe7b121e651419cb196a2a63687b087497595c9be9d20ebe97dd06060a7
  md5: 94305520c52a4aa3f6c2b1ff6008d9f8
  constrains:
  - python 3.13.* *_cp313
  license: BSD-3-Clause
  license_family: BSD
  size: 7002
  timestamp: 1752805902938
- conda: https://conda.anaconda.org/conda-forge/win-64/scikit-learn-1.5.2-py313h4f67946_1.conda
  sha256: 63dce2c471565e5b679778332a48c47767d122c784b114847b337a182cad61e2
  md5: dff3e2632fc7d3479f8152d1394ef2b1
  depends:
  - joblib >=1.2.0
  - numpy >=1.21,<3
  - python >=3.13.0rc2,<3.14.0a0
  - python_abi 3.13.* *_cp313
  - scipy
  - threadpoolctl >=3.1.0
  - ucrt >=10.0.20348.0
  - vc >=14.2,<15
  - vc14_runtime >=14.29.30139
  arch: x86_64
  platform: win
  license: BSD-3-Clause
  license_family: BSD
  size: 9331778
  timestamp: 1726083562938
- conda: https://conda.anaconda.org/conda-forge/win-64/scipy-1.17.1-py313he51e9a2_0.conda
  sha256: 41da17a6edd558f2a6abb1111b57780b1562ae57d50bb81698cff176b40250e4
  md5: f64c65352c68208b19838b537b39b02b
  depends:
  - libblas >=3.9.0,<4.0a0
  - libcblas >=3.9.0,<4.0a0
  - liblapack >=3.9.0,<4.0a0
  - numpy <2.7
  - numpy >=1.23,<3
  - numpy >=1.25.2
  - python >=3.13,<3.14.0a0
  - python_abi 3.13.* *_cp313
  - ucrt >=10.0.20348.0
  - vc >=14.3,<15
  - vc14_runtime >=14.44.35208
  arch: x86_64
  platform: win
  license: BSD-3-Clause
  license_family: BSD
  size: 15082587
  timestamp: 1771881500709
- conda: https://conda.anaconda.org/conda-forge/noarch/setuptools-82.0.1-pyh332efcf_0.conda
  sha256: 82088a6e4daa33329a30bc26dc19a98c7c1d3f05c0f73ce9845d4eab4924e9e1
  md5: 8e194e7b992f99a5015edbd4ebd38efd
  depends:
  - python >=3.10
  license: MIT
  license_family: MIT
  size: 639697
  timestamp: 1773074868565
- conda: https://conda.anaconda.org/conda-forge/win-64/tbb-2022.3.0-h3155e25_2.conda
  sha256: abd9a489f059fba85c8ffa1abdaa4d515d6de6a3325238b8e81203b913cf65a9
  md5: 0f9817ffbe25f9e69ceba5ea70c52606
  depends:
  - libhwloc >=2.12.2,<2.12.3.0a0
  - ucrt >=10.0.20348.0
  - vc >=14.3,<15
  - vc14_runtime >=14.44.35208
  arch: x86_64
  platform: win
  license: Apache-2.0
  license_family: APACHE
  size: 155869
  timestamp: 1767886839029
- conda: https://conda.anaconda.org/conda-forge/noarch/threadpoolctl-3.6.0-pyhecae5ae_0.conda
  sha256: 6016672e0e72c4cf23c0cf7b1986283bd86a9c17e8d319212d78d8e9ae42fdfd
  md5: 9d64911b31d57ca443e9f1e36b04385f
  depends:
  - python >=3.9
  license: BSD-3-Clause
  license_family: BSD
  size: 23869
  timestamp: 1741878358548
- conda: https://conda.anaconda.org/conda-forge/win-64/tk-8.6.13-h6ed50ae_3.conda
  sha256: 0e79810fae28f3b69fe7391b0d43f5474d6bd91d451d5f2bde02f55ae481d5e3
  md5: 0481bfd9814bf525bd4b3ee4b51494c4
  depends:
  - ucrt >=10.0.20348.0
  - vc >=14.3,<15
  - vc14_runtime >=14.44.35208
  arch: x86_64
  platform: win
  license: TCL
  license_family: BSD
  size: 3526350
  timestamp: 1769460339384
- conda: https://conda.anaconda.org/conda-forge/noarch/tzdata-2025c-hc9c84f9_1.conda
  sha256: 1d30098909076af33a35017eed6f2953af1c769e273a0626a04722ac4acaba3c
  md5: ad659d0a2b3e47e38d829aa8cad2d610
  license: LicenseRef-Public-Domain
  size: 119135
  timestamp: 1767016325805
- conda: https://conda.anaconda.org/conda-forge/win-64/ucrt-10.0.26100.0-h57928b3_0.conda
  sha256: 3005729dce6f3d3f5ec91dfc49fc75a0095f9cd23bab49efb899657297ac91a5
  md5: 71b24316859acd00bdb8b38f5e2ce328
  constrains:
  - vc14_runtime >=14.29.30037
  - vs2015_runtime >=14.29.30037
  arch: x86_64
  platform: win
  license: LicenseRef-MicrosoftWindowsSDK10
  size: 694692
  timestamp: 1756385147981
- conda: https://conda.anaconda.org/conda-forge/win-64/vc-14.3-h41ae7f8_34.conda
  sha256: 9dc40c2610a6e6727d635c62cced5ef30b7b30123f5ef67d6139e23d21744b3a
  md5: 1e610f2416b6acdd231c5f573d754a0f
  depends:
  - vc14_runtime >=14.44.35208
  arch: x86_64
  platform: win
  track_features:
  - vc14
  license: BSD-3-Clause
  license_family: BSD
  size: 19356
  timestamp: 1767320221521
- conda: https://conda.anaconda.org/conda-forge/win-64/vc14_runtime-14.44.35208-h818238b_34.conda
  sha256: 02732f953292cce179de9b633e74928037fa3741eb5ef91c3f8bae4f761d32a5
  md5: 37eb311485d2d8b2c419449582046a42
  depends:
  - ucrt >=10.0.20348.0
  - vcomp14 14.44.35208 h818238b_34
  constrains:
  - vs2015_runtime 14.44.35208.* *_34
  arch: x86_64
  platform: win
  license: LicenseRef-MicrosoftVisualCpp2015-2022Runtime
  license_family: Proprietary
  size: 683233
  timestamp: 1767320219644
- conda: https://conda.anaconda.org/conda-forge/win-64/vcomp14-14.44.35208-h818238b_34.conda
  sha256: 878d5d10318b119bd98ed3ed874bd467acbe21996e1d81597a1dbf8030ea0ce6
  md5: 242d9f25d2ae60c76b38a5e42858e51d
  depends:
  - ucrt >=10.0.20348.0
  constrains:
  - vs2015_runtime 14.44.35208.* *_34
  arch: x86_64
  platform: win
  license: LicenseRef-MicrosoftVisualCpp2015-2022Runtime
  license_family: Proprietary
  size: 115235
  timestamp: 1767320173250
